
Microsoft Visual Studio Solution File, Format Version 12.00
# Visual Studio Version 17
VisualStudioVersion = 17.8.34316.72
MinimumVisualStudioVersion = 10.0.40219.1
Project("{FAE04EC0-301F-11D3-BF4B-00C04F79EFBC}") = "ThinkDoneSolutionTask", "ThinkDoneSolutionTask\ThinkDoneSolutionTask.csproj", "{A7137758-7A6F-488F-846F-94508006D57C}"
EndProject
Global
	GlobalSection(SolutionConfigurationPlatforms) = preSolution
		Debug|Any CPU = Debug|Any CPU
		Release|Any CPU = Release|Any CPU
	EndGlobalSection
	GlobalSection(ProjectConfigurationPlatforms) = postSolution
		{A7137758-7A6F-488F-846F-94508006D57C}.Debug|Any CPU.ActiveCfg = Debug|Any CPU
		{A7137758-7A6F-488F-846F-94508006D57C}.Debug|Any CPU.Build.0 = Debug|Any CPU
		{A7137758-7A6F-488F-846F-94508006D57C}.Release|Any CPU.ActiveCfg = Release|Any CPU
		{A7137758-7A6F-488F-846F-94508006D57C}.Release|Any CPU.Build.0 = Release|Any CPU
	EndGlobalSection
	GlobalSection(SolutionProperties) = preSolution
		HideSolutionNode = FALSE
	EndGlobalSection
	GlobalSection(ExtensibilityGlobals) = postSolution
		SolutionGuid = {63234329-CEE7-41E5-A576-957A57BE9436}
	EndGlobalSection
EndGlobal
